
Microsoft Visual Studio Solution File, Format Version 12.00
# Visual Studio Version 17
VisualStudioVersion = 17.0.32014.148
MinimumVisualStudioVersion = 10.0.40219.1
Project("{FAE04EC0-301F-11D3-BF4B-00C04F79EFBC}") = "CSharp Code Examples", "CSharp Code Examples\CSharp Code Examples.csproj", "{CF6DFA27-BADE-43C7-948A-A56237B15BEE}"
EndProject
Global
	GlobalSection(SolutionConfigurationPlatforms) = preSolution
		Debug|Any CPU = Debug|Any CPU
		Release|Any CPU = Release|Any CPU
	EndGlobalSection
	GlobalSection(ProjectConfigurationPlatforms) = postSolution
		{CF6DFA27-BADE-43C7-948A-A56237B15BEE}.Debug|Any CPU.ActiveCfg = Debug|Any CPU
		{CF6DFA27-BADE-43C7-948A-A56237B15BEE}.Debug|Any CPU.Build.0 = Debug|Any CPU
		{CF6DFA27-BADE-43C7-948A-A56237B15BEE}.Release|Any CPU.ActiveCfg = Release|Any CPU
		{CF6DFA27-BADE-43C7-948A-A56237B15BEE}.Release|Any CPU.Build.0 = Release|Any CPU
	EndGlobalSection
	GlobalSection(SolutionProperties) = preSolution
		HideSolutionNode = FALSE
	EndGlobalSection
	GlobalSection(ExtensibilityGlobals) = postSolution
		SolutionGuid = {1CDE9736-FA98-442C-A3B4-412AAE1E7F3A}
	EndGlobalSection
EndGlobal
